
Microsoft Visual Studio Solution File, Format Version 12.00
# Visual Studio 15
VisualStudioVersion = 15.0.26403.7
MinimumVisualStudioVersion = 10.0.40219.1
Project("{E24C65DC-7377-472B-9ABA-BC803B73C61A}") = "Paripuvada", "..\..\..\..\..\..\Projects\Paripuvada\", "{902BA149-1C7E-44D9-88B9-2A3BECD84732}"
	ProjectSection(WebsiteProperties) = preProject
		TargetFrameworkMoniker = ".NETFramework,Version%3Dv4.5"
		Debug.AspNetCompiler.VirtualPath = "/localhost_58239"
		Debug.AspNetCompiler.PhysicalPath = "..\..\..\..\..\..\Projects\Paripuvada\"
		Debug.AspNetCompiler.TargetPath = "PrecompiledWeb\localhost_58239\"
		Debug.AspNetCompiler.Updateable = "true"
		Debug.AspNetCompiler.ForceOverwrite = "true"
		Debug.AspNetCompiler.FixedNames = "false"
		Debug.AspNetCompiler.Debug = "True"
		Release.AspNetCompiler.VirtualPath = "/localhost_58239"
		Release.AspNetCompiler.PhysicalPath = "..\..\..\..\..\..\Projects\Paripuvada\"
		Release.AspNetCompiler.TargetPath = "PrecompiledWeb\localhost_58239\"
		Release.AspNetCompiler.Updateable = "true"
		Release.AspNetCompiler.ForceOverwrite = "true"
		Release.AspNetCompiler.FixedNames = "false"
		Release.AspNetCompiler.Debug = "False"
		VWDPort = "58239"
	EndProjectSection
EndProject
Global
	GlobalSection(SolutionConfigurationPlatforms) = preSolution
		Debug|Any CPU = Debug|Any CPU
	EndGlobalSection
	GlobalSection(ProjectConfigurationPlatforms) = postSolution
		{902BA149-1C7E-44D9-88B9-2A3BECD84732}.Debug|Any CPU.ActiveCfg = Debug|Any CPU
		{902BA149-1C7E-44D9-88B9-2A3BECD84732}.Debug|Any CPU.Build.0 = Debug|Any CPU
	EndGlobalSection
	GlobalSection(SolutionProperties) = preSolution
		HideSolutionNode = FALSE
	EndGlobalSection
EndGlobal
